
Microsoft Visual Studio Solution File, Format Version 12.00
# Visual Studio Version 17
VisualStudioVersion = 17.10.35122.118
MinimumVisualStudioVersion = 10.0.40219.1
Project("{FAE04EC0-301F-11D3-BF4B-00C04F79EFBC}") = "HahnTest.Server", "HahnTest.Server\HahnTest.Server.csproj", "{9E0D0092-5809-4AF6-A4FB-8EDC75B2093B}"
EndProject
Project("{54A90642-561A-4BB1-A94E-469ADEE60C69}") = "hahntest.client", "hahntest.client\hahntest.client.esproj", "{0E82ABB6-5C37-4CFD-B112-D240983DB68E}"
EndProject
Global
	GlobalSection(SolutionConfigurationPlatforms) = preSolution
		Debug|Any CPU = Debug|Any CPU
		Release|Any CPU = Release|Any CPU
	EndGlobalSection
	GlobalSection(ProjectConfigurationPlatforms) = postSolution
		{9E0D0092-5809-4AF6-A4FB-8EDC75B2093B}.Debug|Any CPU.ActiveCfg = Debug|Any CPU
		{9E0D0092-5809-4AF6-A4FB-8EDC75B2093B}.Debug|Any CPU.Build.0 = Debug|Any CPU
		{9E0D0092-5809-4AF6-A4FB-8EDC75B2093B}.Release|Any CPU.ActiveCfg = Release|Any CPU
		{9E0D0092-5809-4AF6-A4FB-8EDC75B2093B}.Release|Any CPU.Build.0 = Release|Any CPU
		{0E82ABB6-5C37-4CFD-B112-D240983DB68E}.Debug|Any CPU.ActiveCfg = Debug|Any CPU
		{0E82ABB6-5C37-4CFD-B112-D240983DB68E}.Debug|Any CPU.Build.0 = Debug|Any CPU
		{0E82ABB6-5C37-4CFD-B112-D240983DB68E}.Debug|Any CPU.Deploy.0 = Debug|Any CPU
		{0E82ABB6-5C37-4CFD-B112-D240983DB68E}.Release|Any CPU.ActiveCfg = Release|Any CPU
		{0E82ABB6-5C37-4CFD-B112-D240983DB68E}.Release|Any CPU.Build.0 = Release|Any CPU
		{0E82ABB6-5C37-4CFD-B112-D240983DB68E}.Release|Any CPU.Deploy.0 = Release|Any CPU
	EndGlobalSection
	GlobalSection(SolutionProperties) = preSolution
		HideSolutionNode = FALSE
	EndGlobalSection
	GlobalSection(ExtensibilityGlobals) = postSolution
		SolutionGuid = {6AEACFC9-21E6-41FF-9CEB-B926483C18D4}
	EndGlobalSection
EndGlobal
